
Microsoft Visual Studio Solution File, Format Version 12.00
# Visual Studio Version 17
VisualStudioVersion = 17.11.35303.130
MinimumVisualStudioVersion = 10.0.40219.1
Project("{FAE04EC0-301F-11D3-BF4B-00C04F79EFBC}") = "LB3_Blog", "LB3_Blog\LB3_Blog.csproj", "{220A7595-EF06-40AB-B887-5E9790A2D115}"
EndProject
Global
	GlobalSection(SolutionConfigurationPlatforms) = preSolution
		Debug|Any CPU = Debug|Any CPU
		Release|Any CPU = Release|Any CPU
	EndGlobalSection
	GlobalSection(ProjectConfigurationPlatforms) = postSolution
		{220A7595-EF06-40AB-B887-5E9790A2D115}.Debug|Any CPU.ActiveCfg = Debug|Any CPU
		{220A7595-EF06-40AB-B887-5E9790A2D115}.Debug|Any CPU.Build.0 = Debug|Any CPU
		{220A7595-EF06-40AB-B887-5E9790A2D115}.Release|Any CPU.ActiveCfg = Release|Any CPU
		{220A7595-EF06-40AB-B887-5E9790A2D115}.Release|Any CPU.Build.0 = Release|Any CPU
	EndGlobalSection
	GlobalSection(SolutionProperties) = preSolution
		HideSolutionNode = FALSE
	EndGlobalSection
	GlobalSection(ExtensibilityGlobals) = postSolution
		SolutionGuid = {0481350D-9381-4E02-981F-02DAE12A2073}
	EndGlobalSection
EndGlobal
